// !$*UTF8*$!
{
	archiveVersion = 1;
	classes = {
	};
	objectVersion = 46;
	objects = {

/* Begin PBXBuildFile section */
		B0B20F411ABDA357002F4F5F /* main.m in Sources */ = {isa = PBXBuildFile; fileRef = B0B20F401ABDA357002F4F5F /* main.m */; };
		B0B20F441ABDA357002F4F5F /* AppDelegate.m in Sources */ = {isa = PBXBuildFile; fileRef = B0B20F431ABDA357002F4F5F /* AppDelegate.m */; };
		B0B20F471ABDA357002F4F5F /* ViewController.m in Sources */ = {isa = PBXBuildFile; fileRef = B0B20F461ABDA357002F4F5F /* ViewController.m */; };
		B0B20F4A1ABDA357002F4F5F /* Main.storyboard in Resources */ = {isa = PBXBuildFile; fileRef = B0B20F481ABDA357002F4F5F /* Main.storyboard */; };
		B0B20F4C1ABDA357002F4F5F /* Images.xcassets in Resources */ = {isa = PBXBuildFile; fileRef = B0B20F4B1ABDA357002F4F5F /* Images.xcassets */; };
		B0B20F4F1ABDA357002F4F5F /* LaunchScreen.xib in Resources */ = {isa = PBXBuildFile; fileRef = B0B20F4D1ABDA357002F4F5F /* LaunchScreen.xib */; };
		B0B20F5B1ABDA357002F4F5F /* TurboOctoWookieTests.m in Sources */ = {isa = PBXBuildFile; fileRef = B0B20F5A1ABDA357002F4F5F /* TurboOctoWookieTests.m */; };
		B0B20F671ABDA6B4002F4F5F /* OverlayViewController.m in Sources */ = {isa = PBXBuildFile; fileRef = B0B20F651ABDA6B4002F4F5F /* OverlayViewController.m */; };
		B0B20F681ABDA6B4002F4F5F /* OverlayViewController.xib in Resources */ = {isa = PBXBuildFile; fileRef = B0B20F661ABDA6B4002F4F5F /* OverlayViewController.xib */; };
/* End PBXBuildFile section */

/* Begin PBXContainerItemProxy section */
		B0B20F551ABDA357002F4F5F /* PBXContainerItemProxy */ = {
			isa = PBXContainerItemProxy;
			containerPortal = B0B20F331ABDA357002F4F5F /* Project object */;
			proxyType = 1;
			remoteGlobalIDString = B0B20F3A1ABDA357002F4F5F;
			remoteInfo = TurboOctoWookie;
		};
/* End PBXContainerItemProxy section */

/* Begin PBXFileReference section */
		B0B20F3B1ABDA357002F4F5F /* TurboOctoWookie.app */ = {isa = PBXFileReference; explicitFileType = wrapper.application; includeInIndex = 0; path = TurboOctoWookie.app; sourceTree = BUILT_PRODUCTS_DIR; };
		B0B20F3F1ABDA357002F4F5F /* Info.plist */ = {isa = PBXFileReference; lastKnownFileType = text.plist.xml; path = Info.plist; sourceTree = "<group>"; };
		B0B20F401ABDA357002F4F5F /* main.m */ = {isa = PBXFileReference; lastKnownFileType = sourcecode.c.objc; path = main.m; sourceTree = "<group>"; };
		B0B20F421ABDA357002F4F5F /* AppDelegate.h */ = {isa = PBXFileReference; lastKnownFileType = sourcecode.c.h; path = AppDelegate.h; sourceTree = "<group>"; };
		B0B20F431ABDA357002F4F5F /* AppDelegate.m */ = {isa = PBXFileReference; lastKnownFileType = sourcecode.c.objc; path = AppDelegate.m; sourceTree = "<group>"; };
		B0B20F451ABDA357002F4F5F /* ViewController.h */ = {isa = PBXFileReference; lastKnownFileType = sourcecode.c.h; path = ViewController.h; sourceTree = "<group>"; };
		B0B20F461ABDA357002F4F5F /* ViewController.m */ = {isa = PBXFileReference; lastKnownFileType = sourcecode.c.objc; path = ViewController.m; sourceTree = "<group>"; };
		B0B20F491ABDA357002F4F5F /* Base */ = {isa = PBXFileReference; lastKnownFileType = file.storyboard; name = Base; path = Base.lproj/Main.storyboard; sourceTree = "<group>"; };
		B0B20F4B1ABDA357002F4F5F /* Images.xcassets */ = {isa = PBXFileReference; lastKnownFileType = folder.assetcatalog; path = Images.xcassets; sourceTree = "<group>"; };
		B0B20F4E1ABDA357002F4F5F /* Base */ = {isa = PBXFileReference; lastKnownFileType = file.xib; name = Base; path = Base.lproj/LaunchScreen.xib; sourceTree = "<group>"; };
		B0B20F541ABDA357002F4F5F /* TurboOctoWookieTests.xctest */ = {isa = PBXFileReference; explicitFileType = wrapper.cfbundle; includeInIndex = 0; path = TurboOctoWookieTests.xctest; sourceTree = BUILT_PRODUCTS_DIR; };
		B0B20F591ABDA357002F4F5F /* Info.plist */ = {isa = PBXFileReference; lastKnownFileType = text.plist.xml; path = Info.plist; sourceTree = "<group>"; };
		B0B20F5A1ABDA357002F4F5F /* TurboOctoWookieTests.m */ = {isa = PBXFileReference; lastKnownFileType = sourcecode.c.objc; path = TurboOctoWookieTests.m; sourceTree = "<group>"; };
		B0B20F641ABDA6B4002F4F5F /* OverlayViewController.h */ = {isa = PBXFileReference; fileEncoding = 4; lastKnownFileType = sourcecode.c.h; path = OverlayViewController.h; sourceTree = "<group>"; };
		B0B20F651ABDA6B4002F4F5F /* OverlayViewController.m */ = {isa = PBXFileReference; fileEncoding = 4; lastKnownFileType = sourcecode.c.objc; path = OverlayViewController.m; sourceTree = "<group>"; };
		B0B20F661ABDA6B4002F4F5F /* OverlayViewController.xib */ = {isa = PBXFileReference; fileEncoding = 4; lastKnownFileType = file.xib; path = OverlayViewController.xib; sourceTree = "<group>"; };
/* End PBXFileReference section */

/* Begin PBXFrameworksBuildPhase section */
		B0B20F381ABDA357002F4F5F /* Frameworks */ = {
			isa = PBXFrameworksBuildPhase;
			buildActionMask = 2147483647;
			files = (
			);
			runOnlyForDeploymentPostprocessing = 0;
		};
		B0B20F511ABDA357002F4F5F /* Frameworks */ = {
			isa = PBXFrameworksBuildPhase;
			buildActionMask = 2147483647;
			files = (
			);
			runOnlyForDeploymentPostprocessing = 0;
		};
/* End PBXFrameworksBuildPhase section */

/* Begin PBXGroup section */
		B0B20F321ABDA357002F4F5F = {
			isa = PBXGroup;
			children = (
				B0B20F3D1ABDA357002F4F5F /* TurboOctoWookie */,
				B0B20F571ABDA357002F4F5F /* TurboOctoWookieTests */,
				B0B20F3C1ABDA357002F4F5F /* Products */,
			);
			sourceTree = "<group>";
		};
		B0B20F3C1ABDA357002F4F5F /* Products */ = {
			isa = PBXGroup;
			children = (
				B0B20F3B1ABDA357002F4F5F /* TurboOctoWookie.app */,
				B0B20F541ABDA357002F4F5F /* TurboOctoWookieTests.xctest */,
			);
			name = Products;
			sourceTree = "<group>";
		};
		B0B20F3D1ABDA357002F4F5F /* TurboOctoWookie */ = {
			isa = PBXGroup;
			children = (
				B0B20F421ABDA357002F4F5F /* AppDelegate.h */,
				B0B20F431ABDA357002F4F5F /* AppDelegate.m */,
				B0B20F451ABDA357002F4F5F /* ViewController.h */,
				B0B20F461ABDA357002F4F5F /* ViewController.m */,
				B0B20F481ABDA357002F4F5F /* Main.storyboard */,
				B0B20F4B1ABDA357002F4F5F /* Images.xcassets */,
				B0B20F4D1ABDA357002F4F5F /* LaunchScreen.xib */,
				B0B20F3E1ABDA357002F4F5F /* Supporting Files */,
				B0B20F641ABDA6B4002F4F5F /* OverlayViewController.h */,
				B0B20F651ABDA6B4002F4F5F /* OverlayViewController.m */,
				B0B20F661ABDA6B4002F4F5F /* OverlayViewController.xib */,
			);
			path = TurboOctoWookie;
			sourceTree = "<group>";
		};
		B0B20F3E1ABDA357002F4F5F /* Supporting Files */ = {
			isa = PBXGroup;
			children = (
				B0B20F3F1ABDA357002F4F5F /* Info.plist */,
				B0B20F401ABDA357002F4F5F /* main.m */,
			);
			name = "Supporting Files";
			sourceTree = "<group>";
		};
		B0B20F571ABDA357002F4F5F /* TurboOctoWookieTests */ = {
			isa = PBXGroup;
			children = (
				B0B20F5A1ABDA357002F4F5F /* TurboOctoWookieTests.m */,
				B0B20F581ABDA357002F4F5F /* Supporting Files */,
			);
			path = TurboOctoWookieTests;
			sourceTree = "<group>";
		};
		B0B20F581ABDA357002F4F5F /* Supporting Files */ = {
			isa = PBXGroup;
			children = (
				B0B20F591ABDA357002F4F5F /* Info.plist */,
			);
			name = "Supporting Files";
			sourceTree = "<group>";
		};
/* End PBXGroup section */

/* Begin PBXNativeTarget section */
		B0B20F3A1ABDA357002F4F5F /* TurboOctoWookie */ = {
			isa = PBXNativeTarget;
			buildConfigurationList = B0B20F5E1ABDA357002F4F5F /* Build configuration list for PBXNativeTarget "TurboOctoWookie" */;
			buildPhases = (
				B0B20F371ABDA357002F4F5F /* Sources */,
				B0B20F381ABDA357002F4F5F /* Frameworks */,
				B0B20F391ABDA357002F4F5F /* Resources */,
			);
			buildRules = (
			);
			dependencies = (
			);
			name = TurboOctoWookie;
			productName = TurboOctoWookie;
			productReference = B0B20F3B1ABDA357002F4F5F /* TurboOctoWookie.app */;
			productType = "com.apple.product-type.application";
		};
		B0B20F531ABDA357002F4F5F /* TurboOctoWookieTests */ = {
			isa = PBXNativeTarget;
			buildConfigurationList = B0B20F611ABDA357002F4F5F /* Build configuration list for PBXNativeTarget "TurboOctoWookieTests" */;
			buildPhases = (
				B0B20F501ABDA357002F4F5F /* Sources */,
				B0B20F511ABDA357002F4F5F /* Frameworks */,
				B0B20F521ABDA357002F4F5F /* Resources */,
			);
			buildRules = (
			);
			dependencies = (
				B0B20F561ABDA357002F4F5F /* PBXTargetDependency */,
			);
			name = TurboOctoWookieTests;
			productName = TurboOctoWookieTests;
			productReference = B0B20F541ABDA357002F4F5F /* TurboOctoWookieTests.xctest */;
			productType = "com.apple.product-type.bundle.unit-test";
		};
/* End PBXNativeTarget section */

/* Begin PBXProject section */
		B0B20F331ABDA357002F4F5F /* Project object */ = {
			isa = PBXProject;
			attributes = {
				LastUpgradeCheck = 0620;
				ORGANIZATIONNAME = "Ariel Rodriguez";
				TargetAttributes = {
					B0B20F3A1ABDA357002F4F5F = {
						CreatedOnToolsVersion = 6.2;
					};
					B0B20F531ABDA357002F4F5F = {
						CreatedOnToolsVersion = 6.2;
						TestTargetID = B0B20F3A1ABDA357002F4F5F;
					};
				};
			};
			buildConfigurationList = B0B20F361ABDA357002F4F5F /* Build configuration list for PBXProject "TurboOctoWookie" */;
			compatibilityVersion = "Xcode 3.2";
			developmentRegion = English;
			hasScannedForEncodings = 0;
			knownRegions = (
				en,
				Base,
			);
			mainGroup = B0B20F321ABDA357002F4F5F;
			productRefGroup = B0B20F3C1ABDA357002F4F5F /* Products */;
			projectDirPath = "";
			projectRoot = "";
			targets = (
				B0B20F3A1ABDA357002F4F5F /* TurboOctoWookie */,
				B0B20F531ABDA357002F4F5F /* TurboOctoWookieTests */,
			);
		};
/* End PBXProject section */

/* Begin PBXResourcesBuildPhase section */
		B0B20F391ABDA357002F4F5F /* Resources */ = {
			isa = PBXResourcesBuildPhase;
			buildActionMask = 2147483647;
			files = (
				B0B20F4A1ABDA357002F4F5F /* Main.storyboard in Resources */,
				B0B20F4F1ABDA357002F4F5F /* LaunchScreen.xib in Resources */,
				B0B20F4C1ABDA357002F4F5F /* Images.xcassets in Resources */,
				B0B20F681ABDA6B4002F4F5F /* OverlayViewController.xib in Resources */,
			);
			runOnlyForDeploymentPostprocessing = 0;
		};
		B0B20F521ABDA357002F4F5F /* Resources */ = {
			isa = PBXResourcesBuildPhase;
			buildActionMask = 2147483647;
			files = (
			);
			runOnlyForDeploymentPostprocessing = 0;
		};
/* End PBXResourcesBuildPhase section */

/* Begin PBXSourcesBuildPhase section */
		B0B20F371ABDA357002F4F5F /* Sources */ = {
			isa = PBXSourcesBuildPhase;
			buildActionMask = 2147483647;
			files = (
				B0B20F471ABDA357002F4F5F /* ViewController.m in Sources */,
				B0B20F441ABDA357002F4F5F /* AppDelegate.m in Sources */,
				B0B20F411ABDA357002F4F5F /* main.m in Sources */,
				B0B20F671ABDA6B4002F4F5F /* OverlayViewController.m in Sources */,
			);
			runOnlyForDeploymentPostprocessing = 0;
		};
		B0B20F501ABDA357002F4F5F /* Sources */ = {
			isa = PBXSourcesBuildPhase;
			buildActionMask = 2147483647;
			files = (
				B0B20F5B1ABDA357002F4F5F /* TurboOctoWookieTests.m in Sources */,
			);
			runOnlyForDeploymentPostprocessing = 0;
		};
/* End PBXSourcesBuildPhase section */

/* Begin PBXTargetDependency section */
		B0B20F561ABDA357002F4F5F /* PBXTargetDependency */ = {
			isa = PBXTargetDependency;
			target = B0B20F3A1ABDA357002F4F5F /* TurboOctoWookie */;
			targetProxy = B0B20F551ABDA357002F4F5F /* PBXContainerItemProxy */;
		};
/* End PBXTargetDependency section */

/* Begin PBXVariantGroup section */
		B0B20F481ABDA357002F4F5F /* Main.storyboard */ = {
			isa = PBXVariantGroup;
			children = (
				B0B20F491ABDA357002F4F5F /* Base */,
			);
			name = Main.storyboard;
			sourceTree = "<group>";
		};
		B0B20F4D1ABDA357002F4F5F /* LaunchScreen.xib */ = {
			isa = PBXVariantGroup;
			children = (
				B0B20F4E1ABDA357002F4F5F /* Base */,
			);
			name = LaunchScreen.xib;
			sourceTree = "<group>";
		};
/* End PBXVariantGroup section */

/* Begin XCBuildConfiguration section */
		B0B20F5C1ABDA357002F4F5F /* Debug */ = {
			isa = XCBuildConfiguration;
			buildSettings = {
				ALWAYS_SEARCH_USER_PATHS = NO;
				CLANG_CXX_LANGUAGE_STANDARD = "gnu++0x";
				CLANG_CXX_LIBRARY = "libc++";
				CLANG_ENABLE_MODULES = YES;
				CLANG_ENABLE_OBJC_ARC = YES;
				CLANG_WARN_BOOL_CONVERSION = YES;
				CLANG_WARN_CONSTANT_CONVERSION = YES;
				CLANG_WARN_DIRECT_OBJC_ISA_USAGE = YES_ERROR;
				CLANG_WARN_EMPTY_BODY = YES;
				CLANG_WARN_ENUM_CONVERSION = YES;
				CLANG_WARN_INT_CONVERSION = YES;
				CLANG_WARN_OBJC_ROOT_CLASS = YES_ERROR;
				CLANG_WARN_UNREACHABLE_CODE = YES;
				CLANG_WARN__DUPLICATE_METHOD_MATCH = YES;
				"CODE_SIGN_IDENTITY[sdk=iphoneos*]" = "iPhone Developer";
				COPY_PHASE_STRIP = NO;
				ENABLE_STRICT_OBJC_MSGSEND = YES;
				GCC_C_LANGUAGE_STANDARD = gnu99;
				GCC_DYNAMIC_NO_PIC = NO;
				GCC_OPTIMIZATION_LEVEL = 0;
				GCC_PREPROCESSOR_DEFINITIONS = (
					"DEBUG=1",
					"$(inherited)",
				);
				GCC_SYMBOLS_PRIVATE_EXTERN = NO;
				GCC_WARN_64_TO_32_BIT_CONVERSION = YES;
				GCC_WARN_ABOUT_RETURN_TYPE = YES_ERROR;
				GCC_WARN_UNDECLARED_SELECTOR = YES;
				GCC_WARN_UNINITIALIZED_AUTOS = YES_AGGRESSIVE;
				GCC_WARN_UNUSED_FUNCTION = YES;
				GCC_WARN_UNUSED_VARIABLE = YES;
				IPHONEOS_DEPLOYMENT_TARGET = 8.2;
				MTL_ENABLE_DEBUG_INFO = YES;
				ONLY_ACTIVE_ARCH = YES;
				SDKROOT = iphoneos;
				TARGETED_DEVICE_FAMILY = 2;
			};
			name = Debug;
		};
		B0B20F5D1ABDA357002F4F5F /* Release */ = {
			isa = XCBuildConfiguration;
			buildSettings = {
				ALWAYS_SEARCH_USER_PATHS = NO;
				CLANG_CXX_LANGUAGE_STANDARD = "gnu++0x";
				CLANG_CXX_LIBRARY = "libc++";
				CLANG_ENABLE_MODULES = YES;
				CLANG_ENABLE_OBJC_ARC = YES;
				CLANG_WARN_BOOL_CONVERSION = YES;
				CLANG_WARN_CONSTANT_CONVERSION = YES;
				CLANG_WARN_DIRECT_OBJC_ISA_USAGE = YES_ERROR;
				CLANG_WARN_EMPTY_BODY = YES;
				CLANG_WARN_ENUM_CONVERSION = YES;
				CLANG_WARN_INT_CONVERSION = YES;
				CLANG_WARN_OBJC_ROOT_CLASS = YES_ERROR;
				CLANG_WARN_UNREACHABLE_CODE = YES;
				CLANG_WARN__DUPLICATE_METHOD_MATCH = YES;
				"CODE_SIGN_IDENTITY[sdk=iphoneos*]" = "iPhone Developer";
				COPY_PHASE_STRIP = NO;
				ENABLE_NS_ASSERTIONS = NO;
				ENABLE_STRICT_OBJC_MSGSEND = YES;
				GCC_C_LANGUAGE_STANDARD = gnu99;
				GCC_WARN_64_TO_32_BIT_CONVERSION = YES;
				GCC_WARN_ABOUT_RETURN_TYPE = YES_ERROR;
				GCC_WARN_UNDECLARED_SELECTOR = YES;
				GCC_WARN_UNINITIALIZED_AUTOS = YES_AGGRESSIVE;
				GCC_WARN_UNUSED_FUNCTION = YES;
				GCC_WARN_UNUSED_VARIABLE = YES;
				IPHONEOS_DEPLOYMENT_TARGET = 8.2;
				MTL_ENABLE_DEBUG_INFO = NO;
				SDKROOT = iphoneos;
				TARGETED_DEVICE_FAMILY = 2;
				VALIDATE_PRODUCT = YES;
			};
			name = Release;
		};
		B0B20F5F1ABDA357002F4F5F /* Debug */ = {
			isa = XCBuildConfiguration;
			buildSettings = {
				ASSETCATALOG_COMPILER_APPICON_NAME = AppIcon;
				INFOPLIST_FILE = TurboOctoWookie/Info.plist;
				LD_RUNPATH_SEARCH_PATHS = "$(inherited) @executable_path/Frameworks";
				PRODUCT_NAME = "$(TARGET_NAME)";
			};
			name = Debug;
		};
		B0B20F601ABDA357002F4F5F /* Release */ = {
			isa = XCBuildConfiguration;
			buildSettings = {
				ASSETCATALOG_COMPILER_APPICON_NAME = AppIcon;
				INFOPLIST_FILE = TurboOctoWookie/Info.plist;
				LD_RUNPATH_SEARCH_PATHS = "$(inherited) @executable_path/Frameworks";
				PRODUCT_NAME = "$(TARGET_NAME)";
			};
			name = Release;
		};
		B0B20F621ABDA357002F4F5F /* Debug */ = {
			isa = XCBuildConfiguration;
			buildSettings = {
				BUNDLE_LOADER = "$(TEST_HOST)";
				FRAMEWORK_SEARCH_PATHS = (
					"$(SDKROOT)/Developer/Library/Frameworks",
					"$(inherited)",
				);
				GCC_PREPROCESSOR_DEFINITIONS = (
					"DEBUG=1",
					"$(inherited)",
				);
				INFOPLIST_FILE = TurboOctoWookieTests/Info.plist;
				LD_RUNPATH_SEARCH_PATHS = "$(inherited) @executable_path/Frameworks @loader_path/Frameworks";
				PRODUCT_NAME = "$(TARGET_NAME)";
				TEST_HOST = "$(BUILT_PRODUCTS_DIR)/TurboOctoWookie.app/TurboOctoWookie";
			};
			name = Debug;
		};
		B0B20F631ABDA357002F4F5F /* Release */ = {
			isa = XCBuildConfiguration;
			buildSettings = {
				BUNDLE_LOADER = "$(TEST_HOST)";
				FRAMEWORK_SEARCH_PATHS = (
					"$(SDKROOT)/Developer/Library/Frameworks",
					"$(inherited)",
				);
				INFOPLIST_FILE = TurboOctoWookieTests/Info.plist;
				LD_RUNPATH_SEARCH_PATHS = "$(inherited) @executable_path/Frameworks @loader_path/Frameworks";
				PRODUCT_NAME = "$(TARGET_NAME)";
				TEST_HOST = "$(BUILT_PRODUCTS_DIR)/TurboOctoWookie.app/TurboOctoWookie";
			};
			name = Release;
		};
/* End XCBuildConfiguration section */

/* Begin XCConfigurationList section */
		B0B20F361ABDA357002F4F5F /* Build configuration list for PBXProject "TurboOctoWookie" */ = {
			isa = XCConfigurationList;
			buildConfigurations = (
				B0B20F5C1ABDA357002F4F5F /* Debug */,
				B0B20F5D1ABDA357002F4F5F /* Release */,
			);
			defaultConfigurationIsVisible = 0;
			defaultConfigurationName = Release;
		};
		B0B20F5E1ABDA357002F4F5F /* Build configuration list for PBXNativeTarget "TurboOctoWookie" */ = {
			isa = XCConfigurationList;
			buildConfigurations = (
				B0B20F5F1ABDA357002F4F5F /* Debug */,
				B0B20F601ABDA357002F4F5F /* Release */,
			);
			defaultConfigurationIsVisible = 0;
		};
		B0B20F611ABDA357002F4F5F /* Build configuration list for PBXNativeTarget "TurboOctoWookieTests" */ = {
			isa = XCConfigurationList;
			buildConfigurations = (
				B0B20F621ABDA357002F4F5F /* Debug */,
				B0B20F631ABDA357002F4F5F /* Release */,
			);
			defaultConfigurationIsVisible = 0;
		};
/* End XCConfigurationList section */
	};
	rootObject = B0B20F331ABDA357002F4F5F /* Project object */;
}
